
Microsoft Visual Studio Solution File, Format Version 12.00
Project("{FAE04EC0-301F-11D3-BF4B-00C04F79EFBC}") = "SharpSid", "SharpSid\SharpSid.csproj", "{684744BB-1437-42CB-8E8E-250A9798259E}"
EndProject
Project("{FAE04EC0-301F-11D3-BF4B-00C04F79EFBC}") = "SidPlayA", "SidPlayA\SidPlayA.csproj", "{B0143179-368A-4977-A988-9C929F5AB5A3}"
EndProject
Global
	GlobalSection(SolutionConfigurationPlatforms) = preSolution
		Debug|Any CPU = Debug|Any CPU
		Release|Any CPU = Release|Any CPU
	EndGlobalSection
	GlobalSection(ProjectConfigurationPlatforms) = postSolution
		{684744BB-1437-42CB-8E8E-250A9798259E}.Debug|Any CPU.ActiveCfg = Debug|Any CPU
		{684744BB-1437-42CB-8E8E-250A9798259E}.Debug|Any CPU.Build.0 = Debug|Any CPU
		{684744BB-1437-42CB-8E8E-250A9798259E}.Release|Any CPU.ActiveCfg = Release|Any CPU
		{684744BB-1437-42CB-8E8E-250A9798259E}.Release|Any CPU.Build.0 = Release|Any CPU
		{B0143179-368A-4977-A988-9C929F5AB5A3}.Debug|Any CPU.ActiveCfg = Debug|Any CPU
		{B0143179-368A-4977-A988-9C929F5AB5A3}.Debug|Any CPU.Build.0 = Debug|Any CPU
		{B0143179-368A-4977-A988-9C929F5AB5A3}.Release|Any CPU.ActiveCfg = Release|Any CPU
		{B0143179-368A-4977-A988-9C929F5AB5A3}.Release|Any CPU.Build.0 = Release|Any CPU
	EndGlobalSection
EndGlobal
